
Microsoft Visual Studio Solution File, Format Version 12.00
# Visual Studio Version 16
VisualStudioVersion = 16.0.28803.202
MinimumVisualStudioVersion = 10.0.40219.1
Project("{2150E333-8FDC-42A3-9474-1A3956D46DE8}") = "src", "src", "{085212CE-63C7-4442-81B3-A6A5DD1D1FE7}"
EndProject
Project("{2150E333-8FDC-42A3-9474-1A3956D46DE8}") = "tests", "tests", "{D574CB48-5006-435C-AC35-E6AECED44B11}"
EndProject
Project("{9A19103F-16F7-4668-BE54-9A1E7A4F7556}") = "BigDataPoc.Core", "src\BigDataPoc.Core\BigDataPoc.Core.csproj", "{37B69F5A-6C7C-42AE-836A-503CF4BD7534}"
EndProject
Project("{9A19103F-16F7-4668-BE54-9A1E7A4F7556}") = "BigDataPoc.Api", "src\BigDataPoc.Api\BigDataPoc.Api.csproj", "{5F713356-FE2D-4C4B-AB77-A719AE9AC553}"
EndProject
Project("{9A19103F-16F7-4668-BE54-9A1E7A4F7556}") = "BigData.IngestionApi", "src\BigData.IngestionApi\BigData.IngestionApi.csproj", "{24C940EB-7757-4A97-8DD5-0F19096A9E50}"
EndProject
Project("{9A19103F-16F7-4668-BE54-9A1E7A4F7556}") = "BigDataPoc.ProductDataCreator", "src\BigDataPoc.ProductDataCreator\BigDataPoc.ProductDataCreator.csproj", "{3BAE2FA9-71AC-4EC4-9D33-54A940DF5161}"
EndProject
Project("{2150E333-8FDC-42A3-9474-1A3956D46DE8}") = "docker", "docker", "{8C731B31-F6F0-4055-9BA0-B4BC8067633A}"
	ProjectSection(SolutionItems) = preProject
		docker\Dockerfile = docker\Dockerfile
	EndProjectSection
EndProject
Project("{CC5FD16D-436D-48AD-A40C-5A424C6E3E79}") = "BigDataPoc.EventProcessor", "src\BigDataPoc.EventProcessor\BigDataPoc.EventProcessor.ccproj", "{F9860FCA-38DC-463F-B734-32DA336C08D0}"
EndProject
Project("{FAE04EC0-301F-11D3-BF4B-00C04F79EFBC}") = "BigDataPoc.EventProcessor.Worker", "BigDataPoc.EventProcessor.Worker\BigDataPoc.EventProcessor.Worker.csproj", "{D5A305FD-2EF1-4B3C-91BE-5881B171FB71}"
EndProject
Global
	GlobalSection(SolutionConfigurationPlatforms) = preSolution
		Debug|Any CPU = Debug|Any CPU
		Release|Any CPU = Release|Any CPU
	EndGlobalSection
	GlobalSection(ProjectConfigurationPlatforms) = postSolution
		{37B69F5A-6C7C-42AE-836A-503CF4BD7534}.Debug|Any CPU.ActiveCfg = Debug|Any CPU
		{37B69F5A-6C7C-42AE-836A-503CF4BD7534}.Debug|Any CPU.Build.0 = Debug|Any CPU
		{37B69F5A-6C7C-42AE-836A-503CF4BD7534}.Release|Any CPU.ActiveCfg = Release|Any CPU
		{37B69F5A-6C7C-42AE-836A-503CF4BD7534}.Release|Any CPU.Build.0 = Release|Any CPU
		{5F713356-FE2D-4C4B-AB77-A719AE9AC553}.Debug|Any CPU.ActiveCfg = Debug|Any CPU
		{5F713356-FE2D-4C4B-AB77-A719AE9AC553}.Debug|Any CPU.Build.0 = Debug|Any CPU
		{5F713356-FE2D-4C4B-AB77-A719AE9AC553}.Release|Any CPU.ActiveCfg = Release|Any CPU
		{5F713356-FE2D-4C4B-AB77-A719AE9AC553}.Release|Any CPU.Build.0 = Release|Any CPU
		{24C940EB-7757-4A97-8DD5-0F19096A9E50}.Debug|Any CPU.ActiveCfg = Debug|Any CPU
		{24C940EB-7757-4A97-8DD5-0F19096A9E50}.Debug|Any CPU.Build.0 = Debug|Any CPU
		{24C940EB-7757-4A97-8DD5-0F19096A9E50}.Release|Any CPU.ActiveCfg = Release|Any CPU
		{24C940EB-7757-4A97-8DD5-0F19096A9E50}.Release|Any CPU.Build.0 = Release|Any CPU
		{3BAE2FA9-71AC-4EC4-9D33-54A940DF5161}.Debug|Any CPU.ActiveCfg = Debug|Any CPU
		{3BAE2FA9-71AC-4EC4-9D33-54A940DF5161}.Debug|Any CPU.Build.0 = Debug|Any CPU
		{3BAE2FA9-71AC-4EC4-9D33-54A940DF5161}.Release|Any CPU.ActiveCfg = Release|Any CPU
		{3BAE2FA9-71AC-4EC4-9D33-54A940DF5161}.Release|Any CPU.Build.0 = Release|Any CPU
		{F9860FCA-38DC-463F-B734-32DA336C08D0}.Debug|Any CPU.ActiveCfg = Debug|Any CPU
		{F9860FCA-38DC-463F-B734-32DA336C08D0}.Debug|Any CPU.Build.0 = Debug|Any CPU
		{F9860FCA-38DC-463F-B734-32DA336C08D0}.Release|Any CPU.ActiveCfg = Release|Any CPU
		{F9860FCA-38DC-463F-B734-32DA336C08D0}.Release|Any CPU.Build.0 = Release|Any CPU
		{D5A305FD-2EF1-4B3C-91BE-5881B171FB71}.Debug|Any CPU.ActiveCfg = Debug|Any CPU
		{D5A305FD-2EF1-4B3C-91BE-5881B171FB71}.Debug|Any CPU.Build.0 = Debug|Any CPU
		{D5A305FD-2EF1-4B3C-91BE-5881B171FB71}.Release|Any CPU.ActiveCfg = Release|Any CPU
		{D5A305FD-2EF1-4B3C-91BE-5881B171FB71}.Release|Any CPU.Build.0 = Release|Any CPU
	EndGlobalSection
	GlobalSection(SolutionProperties) = preSolution
		HideSolutionNode = FALSE
	EndGlobalSection
	GlobalSection(NestedProjects) = preSolution
		{37B69F5A-6C7C-42AE-836A-503CF4BD7534} = {085212CE-63C7-4442-81B3-A6A5DD1D1FE7}
		{5F713356-FE2D-4C4B-AB77-A719AE9AC553} = {085212CE-63C7-4442-81B3-A6A5DD1D1FE7}
		{24C940EB-7757-4A97-8DD5-0F19096A9E50} = {085212CE-63C7-4442-81B3-A6A5DD1D1FE7}
		{3BAE2FA9-71AC-4EC4-9D33-54A940DF5161} = {085212CE-63C7-4442-81B3-A6A5DD1D1FE7}
		{F9860FCA-38DC-463F-B734-32DA336C08D0} = {085212CE-63C7-4442-81B3-A6A5DD1D1FE7}
		{D5A305FD-2EF1-4B3C-91BE-5881B171FB71} = {085212CE-63C7-4442-81B3-A6A5DD1D1FE7}
	EndGlobalSection
	GlobalSection(ExtensibilityGlobals) = postSolution
		SolutionGuid = {A6FDA8DE-89F0-4191-BA1C-C9299DD88113}
	EndGlobalSection
EndGlobal
